
Microsoft Visual Studio Solution File, Format Version 12.00
# Visual Studio Version 17
VisualStudioVersion = 17.14.36414.22 d17.14
MinimumVisualStudioVersion = 10.0.40219.1
Project("{FAE04EC0-301F-11D3-BF4B-00C04F79EFBC}") = "Csharp.DesignPatterns", "Csharp.DesignPatterns.csproj", "{67C01C1E-A220-46F8-B38D-309566524CE0}"
EndProject
Project("{FAE04EC0-301F-11D3-BF4B-00C04F79EFBC}") = "Csharp.DesignPatterns.ConsoleApplication", "..\Csharp.DesignPatterns.ConsoleApplication\Csharp.DesignPatterns.ConsoleApplication.csproj", "{531E4A7E-1C9B-4C73-9D2A-B204EBF1BD21}"
EndProject
Global
	GlobalSection(SolutionConfigurationPlatforms) = preSolution
		Debug|Any CPU = Debug|Any CPU
		Release|Any CPU = Release|Any CPU
	EndGlobalSection
	GlobalSection(ProjectConfigurationPlatforms) = postSolution
		{67C01C1E-A220-46F8-B38D-309566524CE0}.Debug|Any CPU.ActiveCfg = Debug|Any CPU
		{67C01C1E-A220-46F8-B38D-309566524CE0}.Debug|Any CPU.Build.0 = Debug|Any CPU
		{67C01C1E-A220-46F8-B38D-309566524CE0}.Release|Any CPU.ActiveCfg = Release|Any CPU
		{67C01C1E-A220-46F8-B38D-309566524CE0}.Release|Any CPU.Build.0 = Release|Any CPU
		{531E4A7E-1C9B-4C73-9D2A-B204EBF1BD21}.Debug|Any CPU.ActiveCfg = Debug|Any CPU
		{531E4A7E-1C9B-4C73-9D2A-B204EBF1BD21}.Debug|Any CPU.Build.0 = Debug|Any CPU
		{531E4A7E-1C9B-4C73-9D2A-B204EBF1BD21}.Release|Any CPU.ActiveCfg = Release|Any CPU
		{531E4A7E-1C9B-4C73-9D2A-B204EBF1BD21}.Release|Any CPU.Build.0 = Release|Any CPU
	EndGlobalSection
	GlobalSection(SolutionProperties) = preSolution
		HideSolutionNode = FALSE
	EndGlobalSection
	GlobalSection(ExtensibilityGlobals) = postSolution
		SolutionGuid = {FC8CF85E-02FD-464E-9D99-B12E728E1DDE}
	EndGlobalSection
EndGlobal
