
Microsoft Visual Studio Solution File, Format Version 12.00
# Visual Studio Version 17
VisualStudioVersion = 17.14.36414.22 d17.14
MinimumVisualStudioVersion = 10.0.40219.1
Project("{FAE04EC0-301F-11D3-BF4B-00C04F79EFBC}") = "Csharp.DesignPatterns.Domain", "Csharp.DesignPatterns.Domain\Csharp.DesignPatterns.Domain.csproj", "{BE99D6A3-CFD1-4A9F-9DE3-CA72ACB5E1B1}"
EndProject
Project("{FAE04EC0-301F-11D3-BF4B-00C04F79EFBC}") = "Csharp.DesingPatterns.Console", "Csharp.DesingPatterns.Console\Csharp.DesingPatterns.Console.csproj", "{AB8E85E9-802A-4103-AA41-ACEAFDD34AA9}"
EndProject
Global
	GlobalSection(SolutionConfigurationPlatforms) = preSolution
		Debug|Any CPU = Debug|Any CPU
		Release|Any CPU = Release|Any CPU
	EndGlobalSection
	GlobalSection(ProjectConfigurationPlatforms) = postSolution
		{BE99D6A3-CFD1-4A9F-9DE3-CA72ACB5E1B1}.Debug|Any CPU.ActiveCfg = Debug|Any CPU
		{BE99D6A3-CFD1-4A9F-9DE3-CA72ACB5E1B1}.Debug|Any CPU.Build.0 = Debug|Any CPU
		{BE99D6A3-CFD1-4A9F-9DE3-CA72ACB5E1B1}.Release|Any CPU.ActiveCfg = Release|Any CPU
		{BE99D6A3-CFD1-4A9F-9DE3-CA72ACB5E1B1}.Release|Any CPU.Build.0 = Release|Any CPU
		{AB8E85E9-802A-4103-AA41-ACEAFDD34AA9}.Debug|Any CPU.ActiveCfg = Debug|Any CPU
		{AB8E85E9-802A-4103-AA41-ACEAFDD34AA9}.Debug|Any CPU.Build.0 = Debug|Any CPU
		{AB8E85E9-802A-4103-AA41-ACEAFDD34AA9}.Release|Any CPU.ActiveCfg = Release|Any CPU
		{AB8E85E9-802A-4103-AA41-ACEAFDD34AA9}.Release|Any CPU.Build.0 = Release|Any CPU
	EndGlobalSection
	GlobalSection(SolutionProperties) = preSolution
		HideSolutionNode = FALSE
	EndGlobalSection
	GlobalSection(ExtensibilityGlobals) = postSolution
		SolutionGuid = {6B65333C-6D7D-4D80-BC8D-C2B9BB43F9F1}
	EndGlobalSection
EndGlobal
